
Microsoft Visual Studio Solution File, Format Version 12.00
# Visual Studio Version 16
VisualStudioVersion = 16.0.30114.105
MinimumVisualStudioVersion = 10.0.40219.1
Project("{2150E333-8FDC-42A3-9474-1A3956D46DE8}") = "src", "src", "{2D8005E0-5F53-4C48-90AC-001803030846}"
EndProject
Project("{FAE04EC0-301F-11D3-BF4B-00C04F79EFBC}") = "GradeBook", "src\GradeBook\GradeBook.csproj", "{BF57CAA1-EF50-4D11-99EE-CB5A3E18DB95}"
EndProject
Project("{2150E333-8FDC-42A3-9474-1A3956D46DE8}") = "test", "test", "{E749F391-9D41-4A44-ACF2-3C33FCDFCA1E}"
EndProject
Project("{FAE04EC0-301F-11D3-BF4B-00C04F79EFBC}") = "GradeBook.Tests", "test\GradeBook.Tests\GradeBook.Tests.csproj", "{332EF74E-4F9D-40A4-9056-C97061C4D547}"
EndProject
Global
	GlobalSection(SolutionConfigurationPlatforms) = preSolution
		Debug|Any CPU = Debug|Any CPU
		Debug|x64 = Debug|x64
		Debug|x86 = Debug|x86
		Release|Any CPU = Release|Any CPU
		Release|x64 = Release|x64
		Release|x86 = Release|x86
	EndGlobalSection
	GlobalSection(SolutionProperties) = preSolution
		HideSolutionNode = FALSE
	EndGlobalSection
	GlobalSection(ProjectConfigurationPlatforms) = postSolution
		{BF57CAA1-EF50-4D11-99EE-CB5A3E18DB95}.Debug|Any CPU.ActiveCfg = Debug|Any CPU
		{BF57CAA1-EF50-4D11-99EE-CB5A3E18DB95}.Debug|Any CPU.Build.0 = Debug|Any CPU
		{BF57CAA1-EF50-4D11-99EE-CB5A3E18DB95}.Debug|x64.ActiveCfg = Debug|Any CPU
		{BF57CAA1-EF50-4D11-99EE-CB5A3E18DB95}.Debug|x64.Build.0 = Debug|Any CPU
		{BF57CAA1-EF50-4D11-99EE-CB5A3E18DB95}.Debug|x86.ActiveCfg = Debug|Any CPU
		{BF57CAA1-EF50-4D11-99EE-CB5A3E18DB95}.Debug|x86.Build.0 = Debug|Any CPU
		{BF57CAA1-EF50-4D11-99EE-CB5A3E18DB95}.Release|Any CPU.ActiveCfg = Release|Any CPU
		{BF57CAA1-EF50-4D11-99EE-CB5A3E18DB95}.Release|Any CPU.Build.0 = Release|Any CPU
		{BF57CAA1-EF50-4D11-99EE-CB5A3E18DB95}.Release|x64.ActiveCfg = Release|Any CPU
		{BF57CAA1-EF50-4D11-99EE-CB5A3E18DB95}.Release|x64.Build.0 = Release|Any CPU
		{BF57CAA1-EF50-4D11-99EE-CB5A3E18DB95}.Release|x86.ActiveCfg = Release|Any CPU
		{BF57CAA1-EF50-4D11-99EE-CB5A3E18DB95}.Release|x86.Build.0 = Release|Any CPU
		{332EF74E-4F9D-40A4-9056-C97061C4D547}.Debug|Any CPU.ActiveCfg = Debug|Any CPU
		{332EF74E-4F9D-40A4-9056-C97061C4D547}.Debug|Any CPU.Build.0 = Debug|Any CPU
		{332EF74E-4F9D-40A4-9056-C97061C4D547}.Debug|x64.ActiveCfg = Debug|Any CPU
		{332EF74E-4F9D-40A4-9056-C97061C4D547}.Debug|x64.Build.0 = Debug|Any CPU
		{332EF74E-4F9D-40A4-9056-C97061C4D547}.Debug|x86.ActiveCfg = Debug|Any CPU
		{332EF74E-4F9D-40A4-9056-C97061C4D547}.Debug|x86.Build.0 = Debug|Any CPU
		{332EF74E-4F9D-40A4-9056-C97061C4D547}.Release|Any CPU.ActiveCfg = Release|Any CPU
		{332EF74E-4F9D-40A4-9056-C97061C4D547}.Release|Any CPU.Build.0 = Release|Any CPU
		{332EF74E-4F9D-40A4-9056-C97061C4D547}.Release|x64.ActiveCfg = Release|Any CPU
		{332EF74E-4F9D-40A4-9056-C97061C4D547}.Release|x64.Build.0 = Release|Any CPU
		{332EF74E-4F9D-40A4-9056-C97061C4D547}.Release|x86.ActiveCfg = Release|Any CPU
		{332EF74E-4F9D-40A4-9056-C97061C4D547}.Release|x86.Build.0 = Release|Any CPU
	EndGlobalSection
	GlobalSection(NestedProjects) = preSolution
		{BF57CAA1-EF50-4D11-99EE-CB5A3E18DB95} = {2D8005E0-5F53-4C48-90AC-001803030846}
		{332EF74E-4F9D-40A4-9056-C97061C4D547} = {E749F391-9D41-4A44-ACF2-3C33FCDFCA1E}
	EndGlobalSection
EndGlobal
